// !$*UTF8*$!
{
	archiveVersion = 1;
	classes = {
	};
	objectVersion = 56;
	objects = {

/* Begin PBXFileReference section */
		205571CB292BF00A00EC15AD /* MyPlayground.playground */ = {isa = PBXFileReference; lastKnownFileType = file.playground; path = MyPlayground.playground; sourceTree = "<group>"; xcLanguageSpecificationIdentifier = xcode.lang.swift; };
/* End PBXFileReference section */

/* Begin PBXGroup section */
		205571C4292BEFD400EC15AD = {
			isa = PBXGroup;
			children = (
				205571CB292BF00A00EC15AD /* MyPlayground.playground */,
			);
			sourceTree = "<group>";
		};
/* End PBXGroup section */

/* Begin PBXProject section */
		205571C5292BEFD400EC15AD /* Project object */ = {
			isa = PBXProject;
			attributes = {
				BuildIndependentTargetsInParallel = 1;
				LastUpgradeCheck = 1410;
			};
			buildConfigurationList = 205571C8292BEFD400EC15AD /* Build configuration list for PBXProject "ExtensionsSample" */;
			compatibilityVersion = "Xcode 14.0";
			developmentRegion = en;
			hasScannedForEncodings = 0;
			knownRegions = (
				en,
				Base,
			);
			mainGroup = 205571C4292BEFD400EC15AD;
			projectDirPath = "";
			projectRoot = "";
			targets = (
			);
		};
/* End PBXProject section */

/* Begin XCBuildConfiguration section */
		205571C9292BEFD400EC15AD /* Debug */ = {
			isa = XCBuildConfiguration;
			buildSettings = {
			};
			name = Debug;
		};
		205571CA292BEFD400EC15AD /* Release */ = {
			isa = XCBuildConfiguration;
			buildSettings = {
			};
			name = Release;
		};
/* End XCBuildConfiguration section */

/* Begin XCConfigurationList section */
		205571C8292BEFD400EC15AD /* Build configuration list for PBXProject "ExtensionsSample" */ = {
			isa = XCConfigurationList;
			buildConfigurations = (
				205571C9292BEFD400EC15AD /* Debug */,
				205571CA292BEFD400EC15AD /* Release */,
			);
			defaultConfigurationIsVisible = 0;
			defaultConfigurationName = Release;
		};
/* End XCConfigurationList section */
	};
	rootObject = 205571C5292BEFD400EC15AD /* Project object */;
}
